PODS:
  - Flutter (1.0.0)

DEPENDENCIES:
  - Flutter (from `flutter_learning_demo/ios/Flutter`)

EXTERNAL SOURCES:
  Flutter:
    :path: flutter_learning_demo/ios/Flutter

SPEC CHECKSUMS:
  Flutter: cabc95a1d2626b1b06e7179b784ebcf0c0cde467

PODFILE CHECKSUM: a7fb98d2db06b4aa048a8de044631aeb79958b58

COCOAPODS: 1.16.2
